{
  "name": "ngx-mat-components",
  "version": "0.0.1",
  "lockfileVersion": 1,
  "requires": true,
  "dependencies": {
    "@angular/cdk": {
      "version": "9.2.3",
      "resolved": "https://registry.npmjs.org/@angular/cdk/-/cdk-9.2.3.tgz",
      "integrity": "sha512-tQr/yt8GNGsZ/DTT+PMq7XdRmL56hwVCyf8F12JQAawutSLfTfMb+S1lpN7L/0Pb/L5JBuCfG2HmXK7vHo02gw==",
      "requires": {
        "parse5": "^5.0.0"
      }
    },
    "@angular/material": {
      "version": "9.2.3",
      "resolved": "https://registry.npmjs.org/@angular/material/-/material-9.2.3.tgz",
      "integrity": "sha512-QJltLNp8a/eoozPgkFLISEWgdlX9q9+fZaLJ8c9tHEp2IT5sFYBFHf8dPl0pUyxgOXkS/0HD43I1qki71/T7Kw=="
    },
    "parse5": {
      "version": "5.1.1",
      "resolved": "https://registry.npmjs.org/parse5/-/parse5-5.1.1.tgz",
      "integrity": "sha512-ugq4DFI0Ptb+WWjAdOK16+u/nHfiIrcE+sh8kZMaM0WllQKLI9rOUq6c2b7cwPkXdzfQESqvoqK6ug7U/Yyzug==",
      "optional": true
    }
  }
}
